# THIS IS AN AUTOGENERATED FILE. DO NOT EDIT THIS FILE DIRECTLY.
# yarn lockfile v1


animate.css@^3.6.1:
  version "3.6.1"
  resolved "https://registry.yarnpkg.com/animate.css/-/animate.css-3.6.1.tgz#4ea8a48556378bc8d7535224296c4c0dac9229de"

wow.js@^1.2.2:
  version "1.2.2"
  resolved "https://registry.yarnpkg.com/wow.js/-/wow.js-1.2.2.tgz#247519b0a342319b1a63e22aea9acec1a9ea57f5"
